Microsoft Visual Studio Solution File, Format Version 12.00
# Visual Studio 15
VisualStudioVersion = 15.0.26430.14
MinimumVisualStudioVersion = 10.0.40219.1
Project("{FAE04EC0-301F-11D3-BF4B-00C04F79EFBC}") = "APIMATICCalculator.Standard", "APIMATICCalculator.Standard/APIMATICCalculator.Standard.csproj", "{07a5b75a-2a7e-43ee-90c1-218ed12f3d85}"
EndProject
Project("{FAE04EC0-301F-11D3-BF4B-00C04F79EFBC}") = "APIMATICCalculator.Tests", "APIMATICCalculator.Tests/APIMATICCalculator.Tests.csproj", "{108d4363-bc66-43eb-9645-dd8f2e6916f1}"
EndProject
Global
    GlobalSection(SolutionConfigurationPlatforms) = preSolution
        Debug|Any CPU = Debug|Any CPU
        Release|Any CPU = Release|Any CPU
    EndGlobalSection
    GlobalSection(ProjectConfigurationPlatforms) = postSolution
        {07a5b75a-2a7e-43ee-90c1-218ed12f3d85}.Debug|Any CPU.ActiveCfg = Debug|Any CPU
        {07a5b75a-2a7e-43ee-90c1-218ed12f3d85}.Debug|Any CPU.Build.0 = Debug|Any CPU
        {07a5b75a-2a7e-43ee-90c1-218ed12f3d85}.Release|Any CPU.ActiveCfg = Release|Any CPU
        {07a5b75a-2a7e-43ee-90c1-218ed12f3d85}.Release|Any CPU.Build.0 = Release|Any CPU
        {108d4363-bc66-43eb-9645-dd8f2e6916f1}.Debug|Any CPU.ActiveCfg = Debug|Any CPU
        {108d4363-bc66-43eb-9645-dd8f2e6916f1}.Debug|Any CPU.Build.0 = Debug|Any CPU
        {108d4363-bc66-43eb-9645-dd8f2e6916f1}.Release|Any CPU.ActiveCfg = Release|Any CPU
        {108d4363-bc66-43eb-9645-dd8f2e6916f1}.Release|Any CPU.Build.0 = Release|Any CPU
    EndGlobalSection
    GlobalSection(SolutionProperties) = preSolution
        HideSolutionNode = FALSE
    EndGlobalSection
EndGlobal
